
Microsoft Visual Studio Solution File, Format Version 12.00
# Visual Studio 2015
Project("{FAE04EC0-301F-11D3-BF4B-00C04F79EFBC}") = "helloUnityTest.CSharp.Plugins", "helloUnityTest.CSharp.Plugins.csproj", "{F9AE7989-1F36-080C-9427-B595E5D2F167}"
EndProject
Project("{FAE04EC0-301F-11D3-BF4B-00C04F79EFBC}") = "helloUnityTest.CSharp", "helloUnityTest.CSharp.csproj", "{AEC31849-2ECC-8D5D-4D34-521F116F2206}"
EndProject
Project("{FAE04EC0-301F-11D3-BF4B-00C04F79EFBC}") = "helloUnityTest.CSharp.Editor", "helloUnityTest.CSharp.Editor.csproj", "{B1A53D0E-3781-FAC2-B4FC-55197E618DCA}"
EndProject
Global
	GlobalSection(SolutionConfigurationPlatforms) = preSolution
		Debug|Any CPU = Debug|Any CPU
		Release|Any CPU = Release|Any CPU
	EndGlobalSection
	GlobalSection(ProjectConfigurationPlatforms) = postSolution
		{F9AE7989-1F36-080C-9427-B595E5D2F167}.Debug|Any CPU.ActiveCfg = Debug|Any CPU
		{F9AE7989-1F36-080C-9427-B595E5D2F167}.Debug|Any CPU.Build.0 = Debug|Any CPU
		{F9AE7989-1F36-080C-9427-B595E5D2F167}.Release|Any CPU.ActiveCfg = Release|Any CPU
		{F9AE7989-1F36-080C-9427-B595E5D2F167}.Release|Any CPU.Build.0 = Release|Any CPU
		{AEC31849-2ECC-8D5D-4D34-521F116F2206}.Debug|Any CPU.ActiveCfg = Debug|Any CPU
		{AEC31849-2ECC-8D5D-4D34-521F116F2206}.Debug|Any CPU.Build.0 = Debug|Any CPU
		{AEC31849-2ECC-8D5D-4D34-521F116F2206}.Release|Any CPU.ActiveCfg = Release|Any CPU
		{AEC31849-2ECC-8D5D-4D34-521F116F2206}.Release|Any CPU.Build.0 = Release|Any CPU
		{B1A53D0E-3781-FAC2-B4FC-55197E618DCA}.Debug|Any CPU.ActiveCfg = Debug|Any CPU
		{B1A53D0E-3781-FAC2-B4FC-55197E618DCA}.Debug|Any CPU.Build.0 = Debug|Any CPU
		{B1A53D0E-3781-FAC2-B4FC-55197E618DCA}.Release|Any CPU.ActiveCfg = Release|Any CPU
		{B1A53D0E-3781-FAC2-B4FC-55197E618DCA}.Release|Any CPU.Build.0 = Release|Any CPU
	EndGlobalSection
	GlobalSection(SolutionProperties) = preSolution
		HideSolutionNode = FALSE
	EndGlobalSection
EndGlobal
